
Microsoft Visual Studio Solution File, Format Version 12.00
# Visual Studio Version 16
VisualStudioVersion = 16.0.32106.194
MinimumVisualStudioVersion = 10.0.40219.1
Project("{FAE04EC0-301F-11D3-BF4B-00C04F79EFBC}") = "GroupChatMessageService", "GroupChatMessageService\GroupChatMessageService.csproj", "{DF4E6AAE-0B4F-4816-B5E2-97428B2CB338}"
EndProject
Project("{FAE04EC0-301F-11D3-BF4B-00C04F79EFBC}") = "GroupChatMessageService.Test", "GroupChatMessageService.Test\GroupChatMessageService.Test.csproj", "{F61015A8-55BA-440C-9079-04A14DB8D6AD}"
EndProject
Global
	GlobalSection(SolutionConfigurationPlatforms) = preSolution
		Debug|Any CPU = Debug|Any CPU
		Release|Any CPU = Release|Any CPU
	EndGlobalSection
	GlobalSection(ProjectConfigurationPlatforms) = postSolution
		{DF4E6AAE-0B4F-4816-B5E2-97428B2CB338}.Debug|Any CPU.ActiveCfg = Debug|Any CPU
		{DF4E6AAE-0B4F-4816-B5E2-97428B2CB338}.Debug|Any CPU.Build.0 = Debug|Any CPU
		{DF4E6AAE-0B4F-4816-B5E2-97428B2CB338}.Release|Any CPU.ActiveCfg = Release|Any CPU
		{DF4E6AAE-0B4F-4816-B5E2-97428B2CB338}.Release|Any CPU.Build.0 = Release|Any CPU
		{F61015A8-55BA-440C-9079-04A14DB8D6AD}.Debug|Any CPU.ActiveCfg = Debug|Any CPU
		{F61015A8-55BA-440C-9079-04A14DB8D6AD}.Debug|Any CPU.Build.0 = Debug|Any CPU
		{F61015A8-55BA-440C-9079-04A14DB8D6AD}.Release|Any CPU.ActiveCfg = Release|Any CPU
		{F61015A8-55BA-440C-9079-04A14DB8D6AD}.Release|Any CPU.Build.0 = Release|Any CPU
	EndGlobalSection
	GlobalSection(SolutionProperties) = preSolution
		HideSolutionNode = FALSE
	EndGlobalSection
	GlobalSection(ExtensibilityGlobals) = postSolution
		SolutionGuid = {AEB46A88-33FC-45A6-96B2-9D389A4B995D}
	EndGlobalSection
EndGlobal
